
Microsoft Visual Studio Solution File, Format Version 12.00
# Visual Studio 15
VisualStudioVersion = 15.0.26730.15
MinimumVisualStudioVersion = 10.0.40219.1
Project("{FAE04EC0-301F-11D3-BF4B-00C04F79EFBC}") = "DataVerificationMockBackUp", "DataVerificationMockBackUp\DataVerificationMockBackUp.csproj", "{3D7B0593-F688-4525-9C1D-A4C586A0B1B6}"
EndProject
Global
	GlobalSection(SolutionConfigurationPlatforms) = preSolution
		Debug|Any CPU = Debug|Any CPU
		Release|Any CPU = Release|Any CPU
	EndGlobalSection
	GlobalSection(ProjectConfigurationPlatforms) = postSolution
		{3D7B0593-F688-4525-9C1D-A4C586A0B1B6}.Debug|Any CPU.ActiveCfg = Debug|Any CPU
		{3D7B0593-F688-4525-9C1D-A4C586A0B1B6}.Debug|Any CPU.Build.0 = Debug|Any CPU
		{3D7B0593-F688-4525-9C1D-A4C586A0B1B6}.Release|Any CPU.ActiveCfg = Release|Any CPU
		{3D7B0593-F688-4525-9C1D-A4C586A0B1B6}.Release|Any CPU.Build.0 = Release|Any CPU
	EndGlobalSection
	GlobalSection(SolutionProperties) = preSolution
		HideSolutionNode = FALSE
	EndGlobalSection
	GlobalSection(ExtensibilityGlobals) = postSolution
		SolutionGuid = {5EF86578-7A17-417C-AB80-FDBECFA00AF2}
	EndGlobalSection
EndGlobal
